// !$*UTF8*$!
{
	archiveVersion = 1;
	classes = {
	};
	objectVersion = 50;
	objects = {

/* Begin PBXBuildFile section */
		12A7E239250BE16700878C5D /* AppDelegate.swift in Sources */ = {isa = PBXBuildFile; fileRef = 12A7E238250BE16700878C5D /* AppDelegate.swift */; };
		12A7E23B250BE16700878C5D /* SceneDelegate.swift in Sources */ = {isa = PBXBuildFile; fileRef = 12A7E23A250BE16700878C5D /* SceneDelegate.swift */; };
		12A7E240250BE16700878C5D /* Main.storyboard in Resources */ = {isa = PBXBuildFile; fileRef = 12A7E23E250BE16700878C5D /* Main.storyboard */; };
		12A7E243250BE16700878C5D /* WebGitHub.xcdatamodeld in Sources */ = {isa = PBXBuildFile; fileRef = 12A7E241250BE16700878C5D /* WebGitHub.xcdatamodeld */; };
		12A7E245250BE16A00878C5D /* Assets.xcassets in Resources */ = {isa = PBXBuildFile; fileRef = 12A7E244250BE16A00878C5D /* Assets.xcassets */; };
		12A7E248250BE16A00878C5D /* LaunchScreen.storyboard in Resources */ = {isa = PBXBuildFile; fileRef = 12A7E246250BE16A00878C5D /* LaunchScreen.storyboard */; };
		12A7E250250BE22D00878C5D /* ListTableViewController.swift in Sources */ = {isa = PBXBuildFile; fileRef = 12A7E24F250BE22D00878C5D /* ListTableViewController.swift */; };
		12A7E252250BE25F00878C5D /* WebViewController.swift in Sources */ = {isa = PBXBuildFile; fileRef = 12A7E251250BE25F00878C5D /* WebViewController.swift */; };
/* End PBXBuildFile section */

/* Begin PBXFileReference section */
		12A7E235250BE16700878C5D /* WebGitHub.app */ = {isa = PBXFileReference; explicitFileType = wrapper.application; includeInIndex = 0; path = WebGitHub.app; sourceTree = BUILT_PRODUCTS_DIR; };
		12A7E238250BE16700878C5D /* AppDelegate.swift */ = {isa = PBXFileReference; lastKnownFileType = sourcecode.swift; path = AppDelegate.swift; sourceTree = "<group>"; };
		12A7E23A250BE16700878C5D /* SceneDelegate.swift */ = {isa = PBXFileReference; lastKnownFileType = sourcecode.swift; path = SceneDelegate.swift; sourceTree = "<group>"; };
		12A7E23F250BE16700878C5D /* Base */ = {isa = PBXFileReference; lastKnownFileType = file.storyboard; name = Base; path = Base.lproj/Main.storyboard; sourceTree = "<group>"; };
		12A7E242250BE16700878C5D /* WebGitHub.xcdatamodel */ = {isa = PBXFileReference; lastKnownFileType = wrapper.xcdatamodel; path = WebGitHub.xcdatamodel; sourceTree = "<group>"; };
		12A7E244250BE16A00878C5D /* Assets.xcassets */ = {isa = PBXFileReference; lastKnownFileType = folder.assetcatalog; path = Assets.xcassets; sourceTree = "<group>"; };
		12A7E247250BE16A00878C5D /* Base */ = {isa = PBXFileReference; lastKnownFileType = file.storyboard; name = Base; path = Base.lproj/LaunchScreen.storyboard; sourceTree = "<group>"; };
		12A7E249250BE16A00878C5D /* Info.plist */ = {isa = PBXFileReference; lastKnownFileType = text.plist.xml; path = Info.plist; sourceTree = "<group>"; };
		12A7E24F250BE22D00878C5D /* ListTableViewController.swift */ = {isa = PBXFileReference; lastKnownFileType = sourcecode.swift; path = ListTableViewController.swift; sourceTree = "<group>"; };
		12A7E251250BE25F00878C5D /* WebViewController.swift */ = {isa = PBXFileReference; lastKnownFileType = sourcecode.swift; path = WebViewController.swift; sourceTree = "<group>"; };
/* End PBXFileReference section */

/* Begin PBXFrameworksBuildPhase section */
		12A7E232250BE16700878C5D /* Frameworks */ = {
			isa = PBXFrameworksBuildPhase;
			buildActionMask = 2147483647;
			files = (
			);
			runOnlyForDeploymentPostprocessing = 0;
		};
/* End PBXFrameworksBuildPhase section */

/* Begin PBXGroup section */
		12A7E22C250BE16700878C5D = {
			isa = PBXGroup;
			children = (
				12A7E237250BE16700878C5D /* WebGitHub */,
				12A7E236250BE16700878C5D /* Products */,
			);
			sourceTree = "<group>";
		};
		12A7E236250BE16700878C5D /* Products */ = {
			isa = PBXGroup;
			children = (
				12A7E235250BE16700878C5D /* WebGitHub.app */,
			);
			name = Products;
			sourceTree = "<group>";
		};
		12A7E237250BE16700878C5D /* WebGitHub */ = {
			isa = PBXGroup;
			children = (
				12A7E238250BE16700878C5D /* AppDelegate.swift */,
				12A7E23A250BE16700878C5D /* SceneDelegate.swift */,
				12A7E23E250BE16700878C5D /* Main.storyboard */,
				12A7E244250BE16A00878C5D /* Assets.xcassets */,
				12A7E246250BE16A00878C5D /* LaunchScreen.storyboard */,
				12A7E249250BE16A00878C5D /* Info.plist */,
				12A7E241250BE16700878C5D /* WebGitHub.xcdatamodeld */,
				12A7E24F250BE22D00878C5D /* ListTableViewController.swift */,
				12A7E251250BE25F00878C5D /* WebViewController.swift */,
			);
			path = WebGitHub;
			sourceTree = "<group>";
		};
/* End PBXGroup section */

/* Begin PBXNativeTarget section */
		12A7E234250BE16700878C5D /* WebGitHub */ = {
			isa = PBXNativeTarget;
			buildConfigurationList = 12A7E24C250BE16A00878C5D /* Build configuration list for PBXNativeTarget "WebGitHub" */;
			buildPhases = (
				12A7E231250BE16700878C5D /* Sources */,
				12A7E232250BE16700878C5D /* Frameworks */,
				12A7E233250BE16700878C5D /* Resources */,
			);
			buildRules = (
			);
			dependencies = (
			);
			name = WebGitHub;
			productName = WebGitHub;
			productReference = 12A7E235250BE16700878C5D /* WebGitHub.app */;
			productType = "com.apple.product-type.application";
		};
/* End PBXNativeTarget section */

/* Begin PBXProject section */
		12A7E22D250BE16700878C5D /* Project object */ = {
			isa = PBXProject;
			attributes = {
				LastSwiftUpdateCheck = 1170;
				LastUpgradeCheck = 1170;
				ORGANIZATIONNAME = mngey;
				TargetAttributes = {
					12A7E234250BE16700878C5D = {
						CreatedOnToolsVersion = 11.7;
					};
				};
			};
			buildConfigurationList = 12A7E230250BE16700878C5D /* Build configuration list for PBXProject "WebGitHub" */;
			compatibilityVersion = "Xcode 9.3";
			developmentRegion = en;
			hasScannedForEncodings = 0;
			knownRegions = (
				en,
				Base,
			);
			mainGroup = 12A7E22C250BE16700878C5D;
			productRefGroup = 12A7E236250BE16700878C5D /* Products */;
			projectDirPath = "";
			projectRoot = "";
			targets = (
				12A7E234250BE16700878C5D /* WebGitHub */,
			);
		};
/* End PBXProject section */

/* Begin PBXResourcesBuildPhase section */
		12A7E233250BE16700878C5D /* Resources */ = {
			isa = PBXResourcesBuildPhase;
			buildActionMask = 2147483647;
			files = (
				12A7E248250BE16A00878C5D /* LaunchScreen.storyboard in Resources */,
				12A7E245250BE16A00878C5D /* Assets.xcassets in Resources */,
				12A7E240250BE16700878C5D /* Main.storyboard in Resources */,
			);
			runOnlyForDeploymentPostprocessing = 0;
		};
/* End PBXResourcesBuildPhase section */

/* Begin PBXSourcesBuildPhase section */
		12A7E231250BE16700878C5D /* Sources */ = {
			isa = PBXSourcesBuildPhase;
			buildActionMask = 2147483647;
			files = (
				12A7E239250BE16700878C5D /* AppDelegate.swift in Sources */,
				12A7E23B250BE16700878C5D /* SceneDelegate.swift in Sources */,
				12A7E243250BE16700878C5D /* WebGitHub.xcdatamodeld in Sources */,
				12A7E252250BE25F00878C5D /* WebViewController.swift in Sources */,
				12A7E250250BE22D00878C5D /* ListTableViewController.swift in Sources */,
			);
			runOnlyForDeploymentPostprocessing = 0;
		};
/* End PBXSourcesBuildPhase section */

/* Begin PBXVariantGroup section */
		12A7E23E250BE16700878C5D /* Main.storyboard */ = {
			isa = PBXVariantGroup;
			children = (
				12A7E23F250BE16700878C5D /* Base */,
			);
			name = Main.storyboard;
			sourceTree = "<group>";
		};
		12A7E246250BE16A00878C5D /* LaunchScreen.storyboard */ = {
			isa = PBXVariantGroup;
			children = (
				12A7E247250BE16A00878C5D /* Base */,
			);
			name = LaunchScreen.storyboard;
			sourceTree = "<group>";
		};
/* End PBXVariantGroup section */

/* Begin XCBuildConfiguration section */
		12A7E24A250BE16A00878C5D /* Debug */ = {
			isa = XCBuildConfiguration;
			buildSettings = {
				ALWAYS_SEARCH_USER_PATHS = NO;
				CLANG_ANALYZER_NONNULL = YES;
				CLANG_ANALYZER_NUMBER_OBJECT_CONVERSION = YES_AGGRESSIVE;
				CLANG_CXX_LANGUAGE_STANDARD = "gnu++14";
				CLANG_CXX_LIBRARY = "libc++";
				CLANG_ENABLE_MODULES = YES;
				CLANG_ENABLE_OBJC_ARC = YES;
				CLANG_ENABLE_OBJC_WEAK = YES;
				CLANG_WARN_BLOCK_CAPTURE_AUTORELEASING = YES;
				CLANG_WARN_BOOL_CONVERSION = YES;
				CLANG_WARN_COMMA = YES;
				CLANG_WARN_CONSTANT_CONVERSION = YES;
				CLANG_WARN_DEPRECATED_OBJC_IMPLEMENTATIONS = YES;
				CLANG_WARN_DIRECT_OBJC_ISA_USAGE = YES_ERROR;
				CLANG_WARN_DOCUMENTATION_COMMENTS = YES;
				CLANG_WARN_EMPTY_BODY = YES;
				CLANG_WARN_ENUM_CONVERSION = YES;
				CLANG_WARN_INFINITE_RECURSION = YES;
				CLANG_WARN_INT_CONVERSION = YES;
				CLANG_WARN_NON_LITERAL_NULL_CONVERSION = YES;
				CLANG_WARN_OBJC_IMPLICIT_RETAIN_SELF = YES;
				CLANG_WARN_OBJC_LITERAL_CONVERSION = YES;
				CLANG_WARN_OBJC_ROOT_CLASS = YES_ERROR;
				CLANG_WARN_RANGE_LOOP_ANALYSIS = YES;
				CLANG_WARN_STRICT_PROTOTYPES = YES;
				CLANG_WARN_SUSPICIOUS_MOVE = YES;
				CLANG_WARN_UNGUARDED_AVAILABILITY = YES_AGGRESSIVE;
				CLANG_WARN_UNREACHABLE_CODE = YES;
				CLANG_WARN__DUPLICATE_METHOD_MATCH = YES;
				COPY_PHASE_STRIP = NO;
				DEBUG_INFORMATION_FORMAT = dwarf;
				ENABLE_STRICT_OBJC_MSGSEND = YES;
				ENABLE_TESTABILITY = YES;
				GCC_C_LANGUAGE_STANDARD = gnu11;
				GCC_DYNAMIC_NO_PIC = NO;
				GCC_NO_COMMON_BLOCKS = YES;
				GCC_OPTIMIZATION_LEVEL = 0;
				GCC_PREPROCESSOR_DEFINITIONS = (
					"DEBUG=1",
					"$(inherited)",
				);
				GCC_WARN_64_TO_32_BIT_CONVERSION = YES;
				GCC_WARN_ABOUT_RETURN_TYPE = YES_ERROR;
				GCC_WARN_UNDECLARED_SELECTOR = YES;
				GCC_WARN_UNINITIALIZED_AUTOS = YES_AGGRESSIVE;
				GCC_WARN_UNUSED_FUNCTION = YES;
				GCC_WARN_UNUSED_VARIABLE = YES;
				IPHONEOS_DEPLOYMENT_TARGET = 13.7;
				MTL_ENABLE_DEBUG_INFO = INCLUDE_SOURCE;
				MTL_FAST_MATH = YES;
				ONLY_ACTIVE_ARCH = YES;
				SDKROOT = iphoneos;
				SWIFT_ACTIVE_COMPILATION_CONDITIONS = DEBUG;
				SWIFT_OPTIMIZATION_LEVEL = "-Onone";
			};
			name = Debug;
		};
		12A7E24B250BE16A00878C5D /* Release */ = {
			isa = XCBuildConfiguration;
			buildSettings = {
				ALWAYS_SEARCH_USER_PATHS = NO;
				CLANG_ANALYZER_NONNULL = YES;
				CLANG_ANALYZER_NUMBER_OBJECT_CONVERSION = YES_AGGRESSIVE;
				CLANG_CXX_LANGUAGE_STANDARD = "gnu++14";
				CLANG_CXX_LIBRARY = "libc++";
				CLANG_ENABLE_MODULES = YES;
				CLANG_ENABLE_OBJC_ARC = YES;
				CLANG_ENABLE_OBJC_WEAK = YES;
				CLANG_WARN_BLOCK_CAPTURE_AUTORELEASING = YES;
				CLANG_WARN_BOOL_CONVERSION = YES;
				CLANG_WARN_COMMA = YES;
				CLANG_WARN_CONSTANT_CONVERSION = YES;
				CLANG_WARN_DEPRECATED_OBJC_IMPLEMENTATIONS = YES;
				CLANG_WARN_DIRECT_OBJC_ISA_USAGE = YES_ERROR;
				CLANG_WARN_DOCUMENTATION_COMMENTS = YES;
				CLANG_WARN_EMPTY_BODY = YES;
				CLANG_WARN_ENUM_CONVERSION = YES;
				CLANG_WARN_INFINITE_RECURSION = YES;
				CLANG_WARN_INT_CONVERSION = YES;
				CLANG_WARN_NON_LITERAL_NULL_CONVERSION = YES;
				CLANG_WARN_OBJC_IMPLICIT_RETAIN_SELF = YES;
				CLANG_WARN_OBJC_LITERAL_CONVERSION = YES;
				CLANG_WARN_OBJC_ROOT_CLASS = YES_ERROR;
				CLANG_WARN_RANGE_LOOP_ANALYSIS = YES;
				CLANG_WARN_STRICT_PROTOTYPES = YES;
				CLANG_WARN_SUSPICIOUS_MOVE = YES;
				CLANG_WARN_UNGUARDED_AVAILABILITY = YES_AGGRESSIVE;
				CLANG_WARN_UNREACHABLE_CODE = YES;
				CLANG_WARN__DUPLICATE_METHOD_MATCH = YES;
				COPY_PHASE_STRIP = NO;
				DEBUG_INFORMATION_FORMAT = "dwarf-with-dsym";
				ENABLE_NS_ASSERTIONS = NO;
				ENABLE_STRICT_OBJC_MSGSEND = YES;
				GCC_C_LANGUAGE_STANDARD = gnu11;
				GCC_NO_COMMON_BLOCKS = YES;
				GCC_WARN_64_TO_32_BIT_CONVERSION = YES;
				GCC_WARN_ABOUT_RETURN_TYPE = YES_ERROR;
				GCC_WARN_UNDECLARED_SELECTOR = YES;
				GCC_WARN_UNINITIALIZED_AUTOS = YES_AGGRESSIVE;
				GCC_WARN_UNUSED_FUNCTION = YES;
				GCC_WARN_UNUSED_VARIABLE = YES;
				IPHONEOS_DEPLOYMENT_TARGET = 13.7;
				MTL_ENABLE_DEBUG_INFO = NO;
				MTL_FAST_MATH = YES;
				SDKROOT = iphoneos;
				SWIFT_COMPILATION_MODE = wholemodule;
				SWIFT_OPTIMIZATION_LEVEL = "-O";
				VALIDATE_PRODUCT = YES;
			};
			name = Release;
		};
		12A7E24D250BE16A00878C5D /* Debug */ = {
			isa = XCBuildConfiguration;
			buildSettings = {
				ASSETCATALOG_COMPILER_APPICON_NAME = AppIcon;
				CODE_SIGN_STYLE = Automatic;
				DEVELOPMENT_TEAM = 5H62N4R564;
				INFOPLIST_FILE = WebGitHub/Info.plist;
				LD_RUNPATH_SEARCH_PATHS = (
					"$(inherited)",
					"@executable_path/Frameworks",
				);
				PRODUCT_BUNDLE_IDENTIFIER = lv.mngeyapp.WebGitHub;
				PRODUCT_NAME = "$(TARGET_NAME)";
				SWIFT_VERSION = 5.0;
				TARGETED_DEVICE_FAMILY = 1;
			};
			name = Debug;
		};
		12A7E24E250BE16A00878C5D /* Release */ = {
			isa = XCBuildConfiguration;
			buildSettings = {
				ASSETCATALOG_COMPILER_APPICON_NAME = AppIcon;
				CODE_SIGN_STYLE = Automatic;
				DEVELOPMENT_TEAM = 5H62N4R564;
				INFOPLIST_FILE = WebGitHub/Info.plist;
				LD_RUNPATH_SEARCH_PATHS = (
					"$(inherited)",
					"@executable_path/Frameworks",
				);
				PRODUCT_BUNDLE_IDENTIFIER = lv.mngeyapp.WebGitHub;
				PRODUCT_NAME = "$(TARGET_NAME)";
				SWIFT_VERSION = 5.0;
				TARGETED_DEVICE_FAMILY = 1;
			};
			name = Release;
		};
/* End XCBuildConfiguration section */

/* Begin XCConfigurationList section */
		12A7E230250BE16700878C5D /* Build configuration list for PBXProject "WebGitHub" */ = {
			isa = XCConfigurationList;
			buildConfigurations = (
				12A7E24A250BE16A00878C5D /* Debug */,
				12A7E24B250BE16A00878C5D /* Release */,
			);
			defaultConfigurationIsVisible = 0;
			defaultConfigurationName = Release;
		};
		12A7E24C250BE16A00878C5D /* Build configuration list for PBXNativeTarget "WebGitHub" */ = {
			isa = XCConfigurationList;
			buildConfigurations = (
				12A7E24D250BE16A00878C5D /* Debug */,
				12A7E24E250BE16A00878C5D /* Release */,
			);
			defaultConfigurationIsVisible = 0;
			defaultConfigurationName = Release;
		};
/* End XCConfigurationList section */

/* Begin XCVersionGroup section */
		12A7E241250BE16700878C5D /* WebGitHub.xcdatamodeld */ = {
			isa = XCVersionGroup;
			children = (
				12A7E242250BE16700878C5D /* WebGitHub.xcdatamodel */,
			);
			currentVersion = 12A7E242250BE16700878C5D /* WebGitHub.xcdatamodel */;
			path = WebGitHub.xcdatamodeld;
			sourceTree = "<group>";
			versionGroupType = wrapper.xcdatamodel;
		};
/* End XCVersionGroup section */
	};
	rootObject = 12A7E22D250BE16700878C5D /* Project object */;
}
